
Microsoft Visual Studio Solution File, Format Version 12.00
# Visual Studio 14
VisualStudioVersion = 14.0.24720.0
MinimumVisualStudioVersion = 10.0.40219.1
Project("{8BC9CEB8-8B4A-11D0-8D11-00A0C91BC942}") = "tests", "tests\tests.vcxproj", "{984D2793-065A-4ABC-8750-5C77B2425083}"
EndProject
Project("{8BC9CEB8-8B4A-11D0-8D11-00A0C91BC942}") = "nanikanizer", "src\nanikanizer.vcxproj", "{B5D1BBF0-4C47-4E74-B021-35BAA3F5F008}"
EndProject
Project("{2150E333-8FDC-42A3-9474-1A3956D46DE8}") = "examples", "examples", "{D8FB1C4B-395F-434C-AB25-883A264594C7}"
EndProject
Project("{8BC9CEB8-8B4A-11D0-8D11-00A0C91BC942}") = "cifar_10", "examples\cifar_10\cifar_10.vcxproj", "{0FF17AB7-CAEE-4004-9A9D-BBF684E8A484}"
EndProject
Project("{8BC9CEB8-8B4A-11D0-8D11-00A0C91BC942}") = "curve_fitting", "examples\curve_fitting\curve_fitting.vcxproj", "{89F10F1B-2B6E-457F-BA6D-4CD70DCDE00D}"
EndProject
Project("{8BC9CEB8-8B4A-11D0-8D11-00A0C91BC942}") = "shogi", "examples\shogi\shogi.vcxproj", "{A34BF61B-5D99-4035-8A4D-84C1B151662F}"
EndProject
Global
	GlobalSection(SolutionConfigurationPlatforms) = preSolution
		Debug|x64 = Debug|x64
		Debug|x86 = Debug|x86
		Release|x64 = Release|x64
		Release|x86 = Release|x86
	EndGlobalSection
	GlobalSection(ProjectConfigurationPlatforms) = postSolution
		{984D2793-065A-4ABC-8750-5C77B2425083}.Debug|x64.ActiveCfg = Debug|x64
		{984D2793-065A-4ABC-8750-5C77B2425083}.Debug|x64.Build.0 = Debug|x64
		{984D2793-065A-4ABC-8750-5C77B2425083}.Debug|x86.ActiveCfg = Debug|Win32
		{984D2793-065A-4ABC-8750-5C77B2425083}.Debug|x86.Build.0 = Debug|Win32
		{984D2793-065A-4ABC-8750-5C77B2425083}.Release|x64.ActiveCfg = Release|x64
		{984D2793-065A-4ABC-8750-5C77B2425083}.Release|x64.Build.0 = Release|x64
		{984D2793-065A-4ABC-8750-5C77B2425083}.Release|x86.ActiveCfg = Release|Win32
		{984D2793-065A-4ABC-8750-5C77B2425083}.Release|x86.Build.0 = Release|Win32
		{B5D1BBF0-4C47-4E74-B021-35BAA3F5F008}.Debug|x64.ActiveCfg = Debug|x64
		{B5D1BBF0-4C47-4E74-B021-35BAA3F5F008}.Debug|x64.Build.0 = Debug|x64
		{B5D1BBF0-4C47-4E74-B021-35BAA3F5F008}.Debug|x86.ActiveCfg = Debug|Win32
		{B5D1BBF0-4C47-4E74-B021-35BAA3F5F008}.Debug|x86.Build.0 = Debug|Win32
		{B5D1BBF0-4C47-4E74-B021-35BAA3F5F008}.Release|x64.ActiveCfg = Release|x64
		{B5D1BBF0-4C47-4E74-B021-35BAA3F5F008}.Release|x64.Build.0 = Release|x64
		{B5D1BBF0-4C47-4E74-B021-35BAA3F5F008}.Release|x86.ActiveCfg = Release|Win32
		{B5D1BBF0-4C47-4E74-B021-35BAA3F5F008}.Release|x86.Build.0 = Release|Win32
		{0FF17AB7-CAEE-4004-9A9D-BBF684E8A484}.Debug|x64.ActiveCfg = Debug|x64
		{0FF17AB7-CAEE-4004-9A9D-BBF684E8A484}.Debug|x64.Build.0 = Debug|x64
		{0FF17AB7-CAEE-4004-9A9D-BBF684E8A484}.Debug|x86.ActiveCfg = Debug|Win32
		{0FF17AB7-CAEE-4004-9A9D-BBF684E8A484}.Debug|x86.Build.0 = Debug|Win32
		{0FF17AB7-CAEE-4004-9A9D-BBF684E8A484}.Release|x64.ActiveCfg = Release|x64
		{0FF17AB7-CAEE-4004-9A9D-BBF684E8A484}.Release|x64.Build.0 = Release|x64
		{0FF17AB7-CAEE-4004-9A9D-BBF684E8A484}.Release|x86.ActiveCfg = Release|Win32
		{0FF17AB7-CAEE-4004-9A9D-BBF684E8A484}.Release|x86.Build.0 = Release|Win32
		{89F10F1B-2B6E-457F-BA6D-4CD70DCDE00D}.Debug|x64.ActiveCfg = Debug|x64
		{89F10F1B-2B6E-457F-BA6D-4CD70DCDE00D}.Debug|x64.Build.0 = Debug|x64
		{89F10F1B-2B6E-457F-BA6D-4CD70DCDE00D}.Debug|x86.ActiveCfg = Debug|Win32
		{89F10F1B-2B6E-457F-BA6D-4CD70DCDE00D}.Debug|x86.Build.0 = Debug|Win32
		{89F10F1B-2B6E-457F-BA6D-4CD70DCDE00D}.Release|x64.ActiveCfg = Release|x64
		{89F10F1B-2B6E-457F-BA6D-4CD70DCDE00D}.Release|x64.Build.0 = Release|x64
		{89F10F1B-2B6E-457F-BA6D-4CD70DCDE00D}.Release|x86.ActiveCfg = Release|Win32
		{89F10F1B-2B6E-457F-BA6D-4CD70DCDE00D}.Release|x86.Build.0 = Release|Win32
		{A34BF61B-5D99-4035-8A4D-84C1B151662F}.Debug|x64.ActiveCfg = Debug|x64
		{A34BF61B-5D99-4035-8A4D-84C1B151662F}.Debug|x64.Build.0 = Debug|x64
		{A34BF61B-5D99-4035-8A4D-84C1B151662F}.Debug|x86.ActiveCfg = Debug|Win32
		{A34BF61B-5D99-4035-8A4D-84C1B151662F}.Debug|x86.Build.0 = Debug|Win32
		{A34BF61B-5D99-4035-8A4D-84C1B151662F}.Release|x64.ActiveCfg = Release|x64
		{A34BF61B-5D99-4035-8A4D-84C1B151662F}.Release|x64.Build.0 = Release|x64
		{A34BF61B-5D99-4035-8A4D-84C1B151662F}.Release|x86.ActiveCfg = Release|Win32
		{A34BF61B-5D99-4035-8A4D-84C1B151662F}.Release|x86.Build.0 = Release|Win32
	EndGlobalSection
	GlobalSection(SolutionProperties) = preSolution
		HideSolutionNode = FALSE
	EndGlobalSection
	GlobalSection(NestedProjects) = preSolution
		{0FF17AB7-CAEE-4004-9A9D-BBF684E8A484} = {D8FB1C4B-395F-434C-AB25-883A264594C7}
		{89F10F1B-2B6E-457F-BA6D-4CD70DCDE00D} = {D8FB1C4B-395F-434C-AB25-883A264594C7}
		{A34BF61B-5D99-4035-8A4D-84C1B151662F} = {D8FB1C4B-395F-434C-AB25-883A264594C7}
	EndGlobalSection
EndGlobal
