<?xml version="1.0" encoding="utf-8"?>
<Project ToolsVersion="4.0" xmlns="http://schemas.microsoft.com/developer/msbuild/2003">
  <ItemGroup>
    <Filter Include="include">
      <UniqueIdentifier>{9b5701f3-43f4-4735-af92-22f39d51f87e}</UniqueIdentifier>
    </Filter>
    <Filter Include="include\expression">
      <UniqueIdentifier>{6b9e1c80-321f-46d8-a3cc-7fdab6f19f96}</UniqueIdentifier>
    </Filter>
    <Filter Include="include\layer">
      <UniqueIdentifier>{628f9cfa-bfd5-4fa0-a863-579462b7f0f1}</UniqueIdentifier>
    </Filter>
    <Filter Include="include\optimizer">
      <UniqueIdentifier>{e41d68ae-a31e-42bd-a7a4-ef8106a4e275}</UniqueIdentifier>
    </Filter>
    <Filter Include="include\util">
      <UniqueIdentifier>{56c3cc00-5387-4222-9bcc-837a4f49224e}</UniqueIdentifier>
    </Filter>
    <Filter Include="include\optimizer\optimizers">
      <UniqueIdentifier>{e6489c32-d99e-4710-9afc-bff869e0e405}</UniqueIdentifier>
    </Filter>
    <Filter Include="include\expression\expressions">
      <UniqueIdentifier>{3e408a29-9c7a-405b-a8e8-d697ba476dc7}</UniqueIdentifier>
    </Filter>
    <Filter Include="include\layer\layers">
      <UniqueIdentifier>{c6b46a41-8b44-4a72-9c71-6d7a7cbebb53}</UniqueIdentifier>
    </Filter>
    <Filter Include="src">
      <UniqueIdentifier>{5ba222d1-723a-4a85-9c21-881625a5b63f}</UniqueIdentifier>
    </Filter>
    <Filter Include="include\io">
      <UniqueIdentifier>{da33b538-58ca-4a83-9c40-211c183f5abd}</UniqueIdentifier>
    </Filter>
  </ItemGroup>
  <ItemGroup>
    <None Include="packages.config" />
  </ItemGroup>
  <ItemGroup>
    <ClCompile Include="main.cpp">
      <Filter>src</Filter>
    </ClCompile>
  </ItemGroup>
  <ItemGroup>
    <ClInclude Include="..\include\nanikanizer\abs_expression.hpp">
      <Filter>include\expression\expressions</Filter>
    </ClInclude>
    <ClInclude Include="..\include\nanikanizer\add_expression.hpp">
      <Filter>include\expression\expressions</Filter>
    </ClInclude>
    <ClInclude Include="..\include\nanikanizer\binary_operator_expression.hpp">
      <Filter>include\expression\expressions</Filter>
    </ClInclude>
    <ClInclude Include="..\include\nanikanizer\constant_expression.hpp">
      <Filter>include\expression\expressions</Filter>
    </ClInclude>
    <ClInclude Include="..\include\nanikanizer\convolution_2d_expression.hpp">
      <Filter>include\expression\expressions</Filter>
    </ClInclude>
    <ClInclude Include="..\include\nanikanizer\depth_concat_expression.hpp">
      <Filter>include\expression\expressions</Filter>
    </ClInclude>
    <ClInclude Include="..\include\nanikanizer\divide_expression.hpp">
      <Filter>include\expression\expressions</Filter>
    </ClInclude>
    <ClInclude Include="..\include\nanikanizer\matrix_product_expression.hpp">
      <Filter>include\expression\expressions</Filter>
    </ClInclude>
    <ClInclude Include="..\include\nanikanizer\matrix_transpose_expression.hpp">
      <Filter>include\expression\expressions</Filter>
    </ClInclude>
    <ClInclude Include="..\include\nanikanizer\max_pooling_2d_expression.hpp">
      <Filter>include\expression\expressions</Filter>
    </ClInclude>
    <ClInclude Include="..\include\nanikanizer\multiply_expression.hpp">
      <Filter>include\expression\expressions</Filter>
    </ClInclude>
    <ClInclude Include="..\include\nanikanizer\negate_expression.hpp">
      <Filter>include\expression\expressions</Filter>
    </ClInclude>
    <ClInclude Include="..\include\nanikanizer\norm_expression.hpp">
      <Filter>include\expression\expressions</Filter>
    </ClInclude>
    <ClInclude Include="..\include\nanikanizer\pooling_2d_expression.hpp">
      <Filter>include\expression\expressions</Filter>
    </ClInclude>
    <ClInclude Include="..\include\nanikanizer\relu_expression.hpp">
      <Filter>include\expression\expressions</Filter>
    </ClInclude>
    <ClInclude Include="..\include\nanikanizer\sigmoid_expression.hpp">
      <Filter>include\expression\expressions</Filter>
    </ClInclude>
    <ClInclude Include="..\include\nanikanizer\sqrt_expression.hpp">
      <Filter>include\expression\expressions</Filter>
    </ClInclude>
    <ClInclude Include="..\include\nanikanizer\square_expression.hpp">
      <Filter>include\expression\expressions</Filter>
    </ClInclude>
    <ClInclude Include="..\include\nanikanizer\subtract_expression.hpp">
      <Filter>include\expression\expressions</Filter>
    </ClInclude>
    <ClInclude Include="..\include\nanikanizer\sum_expression.hpp">
      <Filter>include\expression\expressions</Filter>
    </ClInclude>
    <ClInclude Include="..\include\nanikanizer\sum_pooling_2d_expression.hpp">
      <Filter>include\expression\expressions</Filter>
    </ClInclude>
    <ClInclude Include="..\include\nanikanizer\tanh_expression.hpp">
      <Filter>include\expression\expressions</Filter>
    </ClInclude>
    <ClInclude Include="..\include\nanikanizer\unary_operator_expression.hpp">
      <Filter>include\expression\expressions</Filter>
    </ClInclude>
    <ClInclude Include="..\include\nanikanizer\variable_expression.hpp">
      <Filter>include\expression\expressions</Filter>
    </ClInclude>
    <ClInclude Include="..\include\nanikanizer\linear_layer.hpp">
      <Filter>include\layer\layers</Filter>
    </ClInclude>
    <ClInclude Include="..\include\nanikanizer\evaluator.hpp">
      <Filter>include\expression</Filter>
    </ClInclude>
    <ClInclude Include="..\include\nanikanizer\expression.hpp">
      <Filter>include\expression</Filter>
    </ClInclude>
    <ClInclude Include="..\include\nanikanizer\expression_node.hpp">
      <Filter>include\expression</Filter>
    </ClInclude>
    <ClInclude Include="..\include\nanikanizer\expression_node_base.hpp">
      <Filter>include\expression</Filter>
    </ClInclude>
    <ClInclude Include="..\include\nanikanizer\optimizer_adapter.hpp">
      <Filter>include\optimizer</Filter>
    </ClInclude>
    <ClInclude Include="..\include\nanikanizer\optimizer_base.hpp">
      <Filter>include\optimizer</Filter>
    </ClInclude>
    <ClInclude Include="..\include\nanikanizer\optimizer_impl_base.hpp">
      <Filter>include\optimizer</Filter>
    </ClInclude>
    <ClInclude Include="..\include\nanikanizer\optimizer_impl_holder.hpp">
      <Filter>include\optimizer</Filter>
    </ClInclude>
    <ClInclude Include="..\include\nanikanizer\optimizer_impl_holder_base.hpp">
      <Filter>include\optimizer</Filter>
    </ClInclude>
    <ClInclude Include="..\include\nanikanizer\adadelta_optimizer.hpp">
      <Filter>include\optimizer\optimizers</Filter>
    </ClInclude>
    <ClInclude Include="..\include\nanikanizer\adagrad_optimizer.hpp">
      <Filter>include\optimizer\optimizers</Filter>
    </ClInclude>
    <ClInclude Include="..\include\nanikanizer\adam_optimizer.hpp">
      <Filter>include\optimizer\optimizers</Filter>
    </ClInclude>
    <ClInclude Include="..\include\nanikanizer\rmsprop_optimizer.hpp">
      <Filter>include\optimizer\optimizers</Filter>
    </ClInclude>
    <ClInclude Include="..\include\nanikanizer\sgd_optimizer.hpp">
      <Filter>include\optimizer\optimizers</Filter>
    </ClInclude>
    <ClInclude Include="..\include\nanikanizer\math_util.hpp">
      <Filter>include\util</Filter>
    </ClInclude>
    <ClInclude Include="..\include\nanikanizer\nanikanizer.hpp">
      <Filter>include</Filter>
    </ClInclude>
    <ClInclude Include="..\include\nanikanizer\cross_entropy_expression.hpp">
      <Filter>include\expression\expressions</Filter>
    </ClInclude>
    <ClInclude Include="..\include\nanikanizer\softmax_expression.hpp">
      <Filter>include\expression\expressions</Filter>
    </ClInclude>
    <ClInclude Include="..\include\nanikanizer\variable.hpp">
      <Filter>include\expression</Filter>
    </ClInclude>
    <ClInclude Include="..\include\nanikanizer\cifar_util.hpp">
      <Filter>include\util</Filter>
    </ClInclude>
    <ClInclude Include="..\include\nanikanizer\id_util.hpp">
      <Filter>include\util</Filter>
    </ClInclude>
    <ClInclude Include="..\include\nanikanizer\layer_base.hpp">
      <Filter>include\layer</Filter>
    </ClInclude>
    <ClInclude Include="..\include\nanikanizer\bidirectional_linear_layer.hpp">
      <Filter>include\layer\layers</Filter>
    </ClInclude>
    <ClInclude Include="..\include\nanikanizer\binary_writer.hpp">
      <Filter>include\io</Filter>
    </ClInclude>
    <ClInclude Include="..\include\nanikanizer\binary_reader.hpp">
      <Filter>include\io</Filter>
    </ClInclude>
    <ClInclude Include="..\include\nanikanizer\block_operator_expression.hpp">
      <Filter>include\expression\expressions</Filter>
    </ClInclude>
    <ClInclude Include="..\include\nanikanizer\minmax_expression.hpp">
      <Filter>include\expression\expressions</Filter>
    </ClInclude>
  </ItemGroup>
</Project>